
Microsoft Visual Studio Solution File, Format Version 12.00
# Visual Studio Version 17
VisualStudioVersion = 17.14.36301.6 d17.14
MinimumVisualStudioVersion = 10.0.40219.1
Project("{FAE04EC0-301F-11D3-BF4B-00C04F79EFBC}") = "WebFormApp", "WebFormApp\WebFormApp.csproj", "{DE3F5A31-D0A3-4A86-BEB3-3B0846C443FE}"
EndProject
Global
	GlobalSection(SolutionConfigurationPlatforms) = preSolution
		Debug|Any CPU = Debug|Any CPU
		Release|Any CPU = Release|Any CPU
	EndGlobalSection
	GlobalSection(ProjectConfigurationPlatforms) = postSolution
		{DE3F5A31-D0A3-4A86-BEB3-3B0846C443FE}.Debug|Any CPU.ActiveCfg = Debug|Any CPU
		{DE3F5A31-D0A3-4A86-BEB3-3B0846C443FE}.Debug|Any CPU.Build.0 = Debug|Any CPU
		{DE3F5A31-D0A3-4A86-BEB3-3B0846C443FE}.Release|Any CPU.ActiveCfg = Release|Any CPU
		{DE3F5A31-D0A3-4A86-BEB3-3B0846C443FE}.Release|Any CPU.Build.0 = Release|Any CPU
	EndGlobalSection
	GlobalSection(SolutionProperties) = preSolution
		HideSolutionNode = FALSE
	EndGlobalSection
	GlobalSection(ExtensibilityGlobals) = postSolution
		SolutionGuid = {FE229105-F496-4578-92D3-BCF7886BAFB4}
	EndGlobalSection
EndGlobal
